
Microsoft Visual Studio Solution File, Format Version 12.00
# Visual Studio Version 17
VisualStudioVersion = 17.9.34728.123
MinimumVisualStudioVersion = 10.0.40219.1
Project("{9A19103F-16F7-4668-BE54-9A1E7A4F7556}") = "VolumeLibrary", "VolumeLibrary\VolumeLibrary.csproj", "{264AEA5F-4B70-44DD-BF0E-2658430E0EF0}"
EndProject
Project("{FAE04EC0-301F-11D3-BF4B-00C04F79EFBC}") = "Tester", "Tester\Tester.csproj", "{8D3C47E6-2BE7-413D-8508-EEBD9FF0F2FF}"
EndProject
Global
	GlobalSection(SolutionConfigurationPlatforms) = preSolution
		Debug|Any CPU = Debug|Any CPU
		Release|Any CPU = Release|Any CPU
	EndGlobalSection
	GlobalSection(ProjectConfigurationPlatforms) = postSolution
		{264AEA5F-4B70-44DD-BF0E-2658430E0EF0}.Debug|Any CPU.ActiveCfg = Debug|Any CPU
		{264AEA5F-4B70-44DD-BF0E-2658430E0EF0}.Debug|Any CPU.Build.0 = Debug|Any CPU
		{264AEA5F-4B70-44DD-BF0E-2658430E0EF0}.Release|Any CPU.ActiveCfg = Release|Any CPU
		{264AEA5F-4B70-44DD-BF0E-2658430E0EF0}.Release|Any CPU.Build.0 = Release|Any CPU
		{8D3C47E6-2BE7-413D-8508-EEBD9FF0F2FF}.Debug|Any CPU.ActiveCfg = Debug|Any CPU
		{8D3C47E6-2BE7-413D-8508-EEBD9FF0F2FF}.Debug|Any CPU.Build.0 = Debug|Any CPU
		{8D3C47E6-2BE7-413D-8508-EEBD9FF0F2FF}.Release|Any CPU.ActiveCfg = Release|Any CPU
		{8D3C47E6-2BE7-413D-8508-EEBD9FF0F2FF}.Release|Any CPU.Build.0 = Release|Any CPU
	EndGlobalSection
	GlobalSection(SolutionProperties) = preSolution
		HideSolutionNode = FALSE
	EndGlobalSection
	GlobalSection(ExtensibilityGlobals) = postSolution
		SolutionGuid = {20763A4C-E0FE-4BBB-9D6E-926B10870C79}
	EndGlobalSection
EndGlobal
